
Microsoft Visual Studio Solution File, Format Version 12.00
# Visual Studio 15
VisualStudioVersion = 15.0.28307.1062
MinimumVisualStudioVersion = 10.0.40219.1
Project("{FAE04EC0-301F-11D3-BF4B-00C04F79EFBC}") = "SupportServiceApi", "SupportServiceApi\SupportServiceApi.csproj", "{681EC2BC-43DF-4FE6-879E-7E059138C86A}"
EndProject
Global
	GlobalSection(SolutionConfigurationPlatforms) = preSolution
		Debug|Any CPU = Debug|Any CPU
		Release|Any CPU = Release|Any CPU
	EndGlobalSection
	GlobalSection(ProjectConfigurationPlatforms) = postSolution
		{681EC2BC-43DF-4FE6-879E-7E059138C86A}.Debug|Any CPU.ActiveCfg = Debug|Any CPU
		{681EC2BC-43DF-4FE6-879E-7E059138C86A}.Debug|Any CPU.Build.0 = Debug|Any CPU
		{681EC2BC-43DF-4FE6-879E-7E059138C86A}.Release|Any CPU.ActiveCfg = Release|Any CPU
		{681EC2BC-43DF-4FE6-879E-7E059138C86A}.Release|Any CPU.Build.0 = Release|Any CPU
	EndGlobalSection
	GlobalSection(SolutionProperties) = preSolution
		HideSolutionNode = FALSE
	EndGlobalSection
	GlobalSection(ExtensibilityGlobals) = postSolution
		SolutionGuid = {3287142D-F7B8-4D9E-8FEB-AA5777943636}
	EndGlobalSection
EndGlobal
